
Microsoft Visual Studio Solution File, Format Version 12.00
# Visual Studio 15
VisualStudioVersion = 15.0.26403.7
MinimumVisualStudioVersion = 10.0.40219.1
Project("{FAE04EC0-301F-11D3-BF4B-00C04F79EFBC}") = "Poco", "Poco\Poco.csproj", "{E8AA8F49-F244-4CE5-B514-13E58620AF80}"
EndProject
Project("{FAE04EC0-301F-11D3-BF4B-00C04F79EFBC}") = "InMemoryBrokers", "InMemoryBrokers\InMemoryBrokers.csproj", "{B558B477-1E44-4D62-8951-59A1751B7838}"
EndProject
Project("{FAE04EC0-301F-11D3-BF4B-00C04F79EFBC}") = "UnitTests", "UnitTests\UnitTests.csproj", "{77BB4081-2A2F-47EE-88BB-DC421F362208}"
	ProjectSection(ProjectDependencies) = postProject
		{E8AA8F49-F244-4CE5-B514-13E58620AF80} = {E8AA8F49-F244-4CE5-B514-13E58620AF80}
	EndProjectSection
EndProject
Global
	GlobalSection(SolutionConfigurationPlatforms) = preSolution
		Debug|Any CPU = Debug|Any CPU
		Release|Any CPU = Release|Any CPU
	EndGlobalSection
	GlobalSection(ProjectConfigurationPlatforms) = postSolution
		{E8AA8F49-F244-4CE5-B514-13E58620AF80}.Debug|Any CPU.ActiveCfg = Debug|Any CPU
		{E8AA8F49-F244-4CE5-B514-13E58620AF80}.Debug|Any CPU.Build.0 = Debug|Any CPU
		{E8AA8F49-F244-4CE5-B514-13E58620AF80}.Release|Any CPU.ActiveCfg = Release|Any CPU
		{E8AA8F49-F244-4CE5-B514-13E58620AF80}.Release|Any CPU.Build.0 = Release|Any CPU
		{B558B477-1E44-4D62-8951-59A1751B7838}.Debug|Any CPU.ActiveCfg = Debug|Any CPU
		{B558B477-1E44-4D62-8951-59A1751B7838}.Debug|Any CPU.Build.0 = Debug|Any CPU
		{B558B477-1E44-4D62-8951-59A1751B7838}.Release|Any CPU.ActiveCfg = Release|Any CPU
		{B558B477-1E44-4D62-8951-59A1751B7838}.Release|Any CPU.Build.0 = Release|Any CPU
		{77BB4081-2A2F-47EE-88BB-DC421F362208}.Debug|Any CPU.ActiveCfg = Debug|Any CPU
		{77BB4081-2A2F-47EE-88BB-DC421F362208}.Debug|Any CPU.Build.0 = Debug|Any CPU
		{77BB4081-2A2F-47EE-88BB-DC421F362208}.Release|Any CPU.ActiveCfg = Release|Any CPU
		{77BB4081-2A2F-47EE-88BB-DC421F362208}.Release|Any CPU.Build.0 = Release|Any CPU
	EndGlobalSection
	GlobalSection(SolutionProperties) = preSolution
		HideSolutionNode = FALSE
	EndGlobalSection
EndGlobal
